<Solution>
  <Folder Name="/src/">
    <Project Path="src/UICtl.Cli/UICtl.Cli.csproj" />
    <Project Path="src/UICtl.Core/UICtl.Core.csproj" />
    <Project Path="src/UICtl.Gui/UICtl.Gui.csproj" />
    <Project Path="src/UICtl.Ipc/UICtl.Ipc.csproj" />
    <Project Path="src/UICtl.Mcp/UICtl.Mcp.csproj" />
  </Folder>
  <Folder Name="/tests/">
    <Project Path="tests/UICtl.Core.Tests/UICtl.Core.Tests.csproj" />
  </Folder>
</Solution>
